
Microsoft Visual Studio Solution File, Format Version 12.00
# Visual Studio Version 17
VisualStudioVersion = 17.4.33205.214
MinimumVisualStudioVersion = 10.0.40219.1
Project("{FAE04EC0-301F-11D3-BF4B-00C04F79EFBC}") = "POS.Web", "POS.Web\POS.Web.csproj", "{A31F3631-7879-4F76-A949-5395D5B8A968}"
EndProject
Project("{FAE04EC0-301F-11D3-BF4B-00C04F79EFBC}") = "POS.Repository", "POS.DataContext\POS.Repository.csproj", "{7F2BA4ED-A471-4298-B9A8-8F38DA71B7B6}"
EndProject
Project("{FAE04EC0-301F-11D3-BF4B-00C04F79EFBC}") = "POS.Service", "POS.Service\POS.Service.csproj", "{45509E5B-4980-4AF2-B8BC-CCF613793A07}"
EndProject
Global
	GlobalSection(SolutionConfigurationPlatforms) = preSolution
		Debug|Any CPU = Debug|Any CPU
		Release|Any CPU = Release|Any CPU
	EndGlobalSection
	GlobalSection(ProjectConfigurationPlatforms) = postSolution
		{A31F3631-7879-4F76-A949-5395D5B8A968}.Debug|Any CPU.ActiveCfg = Debug|Any CPU
		{A31F3631-7879-4F76-A949-5395D5B8A968}.Debug|Any CPU.Build.0 = Debug|Any CPU
		{A31F3631-7879-4F76-A949-5395D5B8A968}.Release|Any CPU.ActiveCfg = Release|Any CPU
		{A31F3631-7879-4F76-A949-5395D5B8A968}.Release|Any CPU.Build.0 = Release|Any CPU
		{7F2BA4ED-A471-4298-B9A8-8F38DA71B7B6}.Debug|Any CPU.ActiveCfg = Debug|Any CPU
		{7F2BA4ED-A471-4298-B9A8-8F38DA71B7B6}.Debug|Any CPU.Build.0 = Debug|Any CPU
		{7F2BA4ED-A471-4298-B9A8-8F38DA71B7B6}.Release|Any CPU.ActiveCfg = Release|Any CPU
		{7F2BA4ED-A471-4298-B9A8-8F38DA71B7B6}.Release|Any CPU.Build.0 = Release|Any CPU
		{45509E5B-4980-4AF2-B8BC-CCF613793A07}.Debug|Any CPU.ActiveCfg = Debug|Any CPU
		{45509E5B-4980-4AF2-B8BC-CCF613793A07}.Debug|Any CPU.Build.0 = Debug|Any CPU
		{45509E5B-4980-4AF2-B8BC-CCF613793A07}.Release|Any CPU.ActiveCfg = Release|Any CPU
		{45509E5B-4980-4AF2-B8BC-CCF613793A07}.Release|Any CPU.Build.0 = Release|Any CPU
	EndGlobalSection
	GlobalSection(SolutionProperties) = preSolution
		HideSolutionNode = FALSE
	EndGlobalSection
	GlobalSection(ExtensibilityGlobals) = postSolution
		SolutionGuid = {AFDDE5F1-E26A-4896-BA04-C1417772D725}
	EndGlobalSection
EndGlobal
